
Microsoft Visual Studio Solution File, Format Version 12.00
# Visual Studio Version 16
VisualStudioVersion = 16.0.32002.261
MinimumVisualStudioVersion = 10.0.40219.1
Project("{9A19103F-16F7-4668-BE54-9A1E7A4F7556}") = "Sudoku-Solver", "Sudoku-Solver.csproj", "{5C01787D-5464-4654-BD83-789B1CE1EA3B}"
EndProject
Project("{FAE04EC0-301F-11D3-BF4B-00C04F79EFBC}") = "SudokuPuzzle", "..\SudokuPuzzle\SudokuPuzzle.csproj", "{C145DA00-CDB8-4D73-BB82-10670F882F98}"
EndProject
Global
	GlobalSection(SolutionConfigurationPlatforms) = preSolution
		Debug|Any CPU = Debug|Any CPU
		Release|Any CPU = Release|Any CPU
	EndGlobalSection
	GlobalSection(ProjectConfigurationPlatforms) = postSolution
		{5C01787D-5464-4654-BD83-789B1CE1EA3B}.Debug|Any CPU.ActiveCfg = Debug|Any CPU
		{5C01787D-5464-4654-BD83-789B1CE1EA3B}.Debug|Any CPU.Build.0 = Debug|Any CPU
		{5C01787D-5464-4654-BD83-789B1CE1EA3B}.Release|Any CPU.ActiveCfg = Release|Any CPU
		{5C01787D-5464-4654-BD83-789B1CE1EA3B}.Release|Any CPU.Build.0 = Release|Any CPU
		{C145DA00-CDB8-4D73-BB82-10670F882F98}.Debug|Any CPU.ActiveCfg = Debug|Any CPU
		{C145DA00-CDB8-4D73-BB82-10670F882F98}.Debug|Any CPU.Build.0 = Debug|Any CPU
		{C145DA00-CDB8-4D73-BB82-10670F882F98}.Release|Any CPU.ActiveCfg = Release|Any CPU
		{C145DA00-CDB8-4D73-BB82-10670F882F98}.Release|Any CPU.Build.0 = Release|Any CPU
	EndGlobalSection
	GlobalSection(SolutionProperties) = preSolution
		HideSolutionNode = FALSE
	EndGlobalSection
	GlobalSection(ExtensibilityGlobals) = postSolution
		SolutionGuid = {4C514010-955E-4468-AD85-B29264953677}
	EndGlobalSection
EndGlobal
